// !$*UTF8*$!
{
	archiveVersion = 1;
	classes = {
	};
	objectVersion = 56;
	objects = {

/* Begin PBXBuildFile section */
		C5CF33242A6C8D33007E613F /* AppDelegate.swift in Sources */ = {isa = PBXBuildFile; fileRef = C5CF33232A6C8D33007E613F /* AppDelegate.swift */; };
		C5CF33262A6C8D33007E613F /* SceneDelegate.swift in Sources */ = {isa = PBXBuildFile; fileRef = C5CF33252A6C8D33007E613F /* SceneDelegate.swift */; };
		C5CF332B2A6C8D33007E613F /* FirstViewController.storyboard in Resources */ = {isa = PBXBuildFile; fileRef = C5CF33292A6C8D33007E613F /* FirstViewController.storyboard */; };
		C5CF332D2A6C8D35007E613F /* Assets.xcassets in Resources */ = {isa = PBXBuildFile; fileRef = C5CF332C2A6C8D35007E613F /* Assets.xcassets */; };
		C5CF33302A6C8D35007E613F /* LaunchScreen.storyboard in Resources */ = {isa = PBXBuildFile; fileRef = C5CF332E2A6C8D35007E613F /* LaunchScreen.storyboard */; };
		C5CF333B2A6C8EED007E613F /* BankAccountsViewController.storyboard in Resources */ = {isa = PBXBuildFile; fileRef = C5CF333A2A6C8EED007E613F /* BankAccountsViewController.storyboard */; };
		C5CF333D2A6C8F17007E613F /* OperationsViewController.storyboard in Resources */ = {isa = PBXBuildFile; fileRef = C5CF333C2A6C8F17007E613F /* OperationsViewController.storyboard */; };
		C5CF333F2A6C8F36007E613F /* HistoryViewController.storyboard in Resources */ = {isa = PBXBuildFile; fileRef = C5CF333E2A6C8F36007E613F /* HistoryViewController.storyboard */; };
		C5CF33412A6C8F56007E613F /* AnalyticsViewController.storyboard in Resources */ = {isa = PBXBuildFile; fileRef = C5CF33402A6C8F56007E613F /* AnalyticsViewController.storyboard */; };
		C5CF33442A6C8F70007E613F /* Model.swift in Sources */ = {isa = PBXBuildFile; fileRef = C5CF33432A6C8F70007E613F /* Model.swift */; };
		C5CF33462A6C90F8007E613F /* FirstViewController.swift in Sources */ = {isa = PBXBuildFile; fileRef = C5CF33452A6C90F8007E613F /* FirstViewController.swift */; };
		C5CF33482A6C9117007E613F /* BankAccountsViewController.swift in Sources */ = {isa = PBXBuildFile; fileRef = C5CF33472A6C9117007E613F /* BankAccountsViewController.swift */; };
		C5CF334A2A6C9126007E613F /* OperationsViewController.swift in Sources */ = {isa = PBXBuildFile; fileRef = C5CF33492A6C9126007E613F /* OperationsViewController.swift */; };
		C5CF334C2A6C9136007E613F /* HistoryViewController.swift in Sources */ = {isa = PBXBuildFile; fileRef = C5CF334B2A6C9136007E613F /* HistoryViewController.swift */; };
		C5CF334E2A6C914A007E613F /* AnalyticsViewController.swift in Sources */ = {isa = PBXBuildFile; fileRef = C5CF334D2A6C914A007E613F /* AnalyticsViewController.swift */; };
		C5CF33512A6C922E007E613F /* AddTargetViewController.swift in Sources */ = {isa = PBXBuildFile; fileRef = C5CF33502A6C922E007E613F /* AddTargetViewController.swift */; };
		C5CF33542A6C9294007E613F /* AccountsTransferViewController.swift in Sources */ = {isa = PBXBuildFile; fileRef = C5CF33532A6C9294007E613F /* AccountsTransferViewController.swift */; };
		C5CF33562A6C92B4007E613F /* AccountsHistoryViewController.swift in Sources */ = {isa = PBXBuildFile; fileRef = C5CF33552A6C92B4007E613F /* AccountsHistoryViewController.swift */; };
		C5CF33582A6C92D8007E613F /* AddNewBankAccountViewController.swift in Sources */ = {isa = PBXBuildFile; fileRef = C5CF33572A6C92D7007E613F /* AddNewBankAccountViewController.swift */; };
		C5CF335C2A6C9600007E613F /* DetailsViewController.swift in Sources */ = {isa = PBXBuildFile; fileRef = C5CF335B2A6C9600007E613F /* DetailsViewController.swift */; };
/* End PBXBuildFile section */

/* Begin PBXFileReference section */
		C5CF33202A6C8D33007E613F /* FinanceApp_TeamHW.app */ = {isa = PBXFileReference; explicitFileType = wrapper.application; includeInIndex = 0; path = FinanceApp_TeamHW.app; sourceTree = BUILT_PRODUCTS_DIR; };
		C5CF33232A6C8D33007E613F /* AppDelegate.swift */ = {isa = PBXFileReference; lastKnownFileType = sourcecode.swift; path = AppDelegate.swift; sourceTree = "<group>"; };
		C5CF33252A6C8D33007E613F /* SceneDelegate.swift */ = {isa = PBXFileReference; lastKnownFileType = sourcecode.swift; path = SceneDelegate.swift; sourceTree = "<group>"; };
		C5CF332A2A6C8D33007E613F /* Base */ = {isa = PBXFileReference; lastKnownFileType = file.storyboard; name = Base; path = Base.lproj/FirstViewController.storyboard; sourceTree = "<group>"; };
		C5CF332C2A6C8D35007E613F /* Assets.xcassets */ = {isa = PBXFileReference; lastKnownFileType = folder.assetcatalog; path = Assets.xcassets; sourceTree = "<group>"; };
		C5CF332F2A6C8D35007E613F /* Base */ = {isa = PBXFileReference; lastKnownFileType = file.storyboard; name = Base; path = Base.lproj/LaunchScreen.storyboard; sourceTree = "<group>"; };
		C5CF33312A6C8D35007E613F /* Info.plist */ = {isa = PBXFileReference; lastKnownFileType = text.plist.xml; path = Info.plist; sourceTree = "<group>"; };
		C5CF333A2A6C8EED007E613F /* BankAccountsViewController.storyboard */ = {isa = PBXFileReference; lastKnownFileType = file.storyboard; path = BankAccountsViewController.storyboard; sourceTree = "<group>"; };
		C5CF333C2A6C8F17007E613F /* OperationsViewController.storyboard */ = {isa = PBXFileReference; lastKnownFileType = file.storyboard; path = OperationsViewController.storyboard; sourceTree = "<group>"; };
		C5CF333E2A6C8F36007E613F /* HistoryViewController.storyboard */ = {isa = PBXFileReference; lastKnownFileType = file.storyboard; path = HistoryViewController.storyboard; sourceTree = "<group>"; };
		C5CF33402A6C8F56007E613F /* AnalyticsViewController.storyboard */ = {isa = PBXFileReference; lastKnownFileType = file.storyboard; path = AnalyticsViewController.storyboard; sourceTree = "<group>"; };
		C5CF33432A6C8F70007E613F /* Model.swift */ = {isa = PBXFileReference; lastKnownFileType = sourcecode.swift; path = Model.swift; sourceTree = "<group>"; };
		C5CF33452A6C90F8007E613F /* FirstViewController.swift */ = {isa = PBXFileReference; lastKnownFileType = sourcecode.swift; path = FirstViewController.swift; sourceTree = "<group>"; };
		C5CF33472A6C9117007E613F /* BankAccountsViewController.swift */ = {isa = PBXFileReference; lastKnownFileType = sourcecode.swift; path = BankAccountsViewController.swift; sourceTree = "<group>"; };
		C5CF33492A6C9126007E613F /* OperationsViewController.swift */ = {isa = PBXFileReference; lastKnownFileType = sourcecode.swift; path = OperationsViewController.swift; sourceTree = "<group>"; };
		C5CF334B2A6C9136007E613F /* HistoryViewController.swift */ = {isa = PBXFileReference; lastKnownFileType = sourcecode.swift; path = HistoryViewController.swift; sourceTree = "<group>"; };
		C5CF334D2A6C914A007E613F /* AnalyticsViewController.swift */ = {isa = PBXFileReference; lastKnownFileType = sourcecode.swift; path = AnalyticsViewController.swift; sourceTree = "<group>"; };
		C5CF33502A6C922E007E613F /* AddTargetViewController.swift */ = {isa = PBXFileReference; lastKnownFileType = sourcecode.swift; path = AddTargetViewController.swift; sourceTree = "<group>"; };
		C5CF33532A6C9294007E613F /* AccountsTransferViewController.swift */ = {isa = PBXFileReference; lastKnownFileType = sourcecode.swift; path = AccountsTransferViewController.swift; sourceTree = "<group>"; };
		C5CF33552A6C92B4007E613F /* AccountsHistoryViewController.swift */ = {isa = PBXFileReference; lastKnownFileType = sourcecode.swift; path = AccountsHistoryViewController.swift; sourceTree = "<group>"; };
		C5CF33572A6C92D7007E613F /* AddNewBankAccountViewController.swift */ = {isa = PBXFileReference; lastKnownFileType = sourcecode.swift; path = AddNewBankAccountViewController.swift; sourceTree = "<group>"; };
		C5CF335B2A6C9600007E613F /* DetailsViewController.swift */ = {isa = PBXFileReference; lastKnownFileType = sourcecode.swift; path = DetailsViewController.swift; sourceTree = "<group>"; };
/* End PBXFileReference section */

/* Begin PBXFrameworksBuildPhase section */
		C5CF331D2A6C8D33007E613F /* Frameworks */ = {
			isa = PBXFrameworksBuildPhase;
			buildActionMask = 2147483647;
			files = (
			);
			runOnlyForDeploymentPostprocessing = 0;
		};
/* End PBXFrameworksBuildPhase section */

/* Begin PBXGroup section */
		C5CF33172A6C8D33007E613F = {
			isa = PBXGroup;
			children = (
				C5CF33222A6C8D33007E613F /* FinanceApp_TeamHW */,
				C5CF33212A6C8D33007E613F /* Products */,
			);
			sourceTree = "<group>";
		};
		C5CF33212A6C8D33007E613F /* Products */ = {
			isa = PBXGroup;
			children = (
				C5CF33202A6C8D33007E613F /* FinanceApp_TeamHW.app */,
			);
			name = Products;
			sourceTree = "<group>";
		};
		C5CF33222A6C8D33007E613F /* FinanceApp_TeamHW */ = {
			isa = PBXGroup;
			children = (
				C5CF33422A6C8F62007E613F /* Models */,
				C5CF33372A6C8E52007E613F /* App */,
				C5CF33382A6C8E75007E613F /* ViewControllers */,
				C5CF33392A6C8E87007E613F /* Storyboards */,
				C5CF332C2A6C8D35007E613F /* Assets.xcassets */,
			);
			path = FinanceApp_TeamHW;
			sourceTree = "<group>";
		};
		C5CF33372A6C8E52007E613F /* App */ = {
			isa = PBXGroup;
			children = (
				C5CF33232A6C8D33007E613F /* AppDelegate.swift */,
				C5CF33252A6C8D33007E613F /* SceneDelegate.swift */,
				C5CF33312A6C8D35007E613F /* Info.plist */,
			);
			path = App;
			sourceTree = "<group>";
		};
		C5CF33382A6C8E75007E613F /* ViewControllers */ = {
			isa = PBXGroup;
			children = (
				C5CF334F2A6C9202007E613F /* FirstVC */,
				C5CF33522A6C9237007E613F /* BankAccountsVC */,
				C5CF33592A6C95D2007E613F /* OperationsVC */,
				C5CF335A2A6C95E6007E613F /* HistoryVC */,
				C5CF335D2A6C960A007E613F /* AnalyticsVC */,
			);
			path = ViewControllers;
			sourceTree = "<group>";
		};
		C5CF33392A6C8E87007E613F /* Storyboards */ = {
			isa = PBXGroup;
			children = (
				C5CF33292A6C8D33007E613F /* FirstViewController.storyboard */,
				C5CF332E2A6C8D35007E613F /* LaunchScreen.storyboard */,
				C5CF333A2A6C8EED007E613F /* BankAccountsViewController.storyboard */,
				C5CF333C2A6C8F17007E613F /* OperationsViewController.storyboard */,
				C5CF333E2A6C8F36007E613F /* HistoryViewController.storyboard */,
				C5CF33402A6C8F56007E613F /* AnalyticsViewController.storyboard */,
			);
			path = Storyboards;
			sourceTree = "<group>";
		};
		C5CF33422A6C8F62007E613F /* Models */ = {
			isa = PBXGroup;
			children = (
				C5CF33432A6C8F70007E613F /* Model.swift */,
			);
			path = Models;
			sourceTree = "<group>";
		};
		C5CF334F2A6C9202007E613F /* FirstVC */ = {
			isa = PBXGroup;
			children = (
				C5CF33452A6C90F8007E613F /* FirstViewController.swift */,
				C5CF33502A6C922E007E613F /* AddTargetViewController.swift */,
			);
			path = FirstVC;
			sourceTree = "<group>";
		};
		C5CF33522A6C9237007E613F /* BankAccountsVC */ = {
			isa = PBXGroup;
			children = (
				C5CF33472A6C9117007E613F /* BankAccountsViewController.swift */,
				C5CF33532A6C9294007E613F /* AccountsTransferViewController.swift */,
				C5CF33552A6C92B4007E613F /* AccountsHistoryViewController.swift */,
				C5CF33572A6C92D7007E613F /* AddNewBankAccountViewController.swift */,
			);
			path = BankAccountsVC;
			sourceTree = "<group>";
		};
		C5CF33592A6C95D2007E613F /* OperationsVC */ = {
			isa = PBXGroup;
			children = (
				C5CF33492A6C9126007E613F /* OperationsViewController.swift */,
			);
			path = OperationsVC;
			sourceTree = "<group>";
		};
		C5CF335A2A6C95E6007E613F /* HistoryVC */ = {
			isa = PBXGroup;
			children = (
				C5CF334B2A6C9136007E613F /* HistoryViewController.swift */,
				C5CF335B2A6C9600007E613F /* DetailsViewController.swift */,
			);
			path = HistoryVC;
			sourceTree = "<group>";
		};
		C5CF335D2A6C960A007E613F /* AnalyticsVC */ = {
			isa = PBXGroup;
			children = (
				C5CF334D2A6C914A007E613F /* AnalyticsViewController.swift */,
			);
			path = AnalyticsVC;
			sourceTree = "<group>";
		};
/* End PBXGroup section */

/* Begin PBXNativeTarget section */
		C5CF331F2A6C8D33007E613F /* FinanceApp_TeamHW */ = {
			isa = PBXNativeTarget;
			buildConfigurationList = C5CF33342A6C8D35007E613F /* Build configuration list for PBXNativeTarget "FinanceApp_TeamHW" */;
			buildPhases = (
				C5CF331C2A6C8D33007E613F /* Sources */,
				C5CF331D2A6C8D33007E613F /* Frameworks */,
				C5CF331E2A6C8D33007E613F /* Resources */,
			);
			buildRules = (
			);
			dependencies = (
			);
			name = FinanceApp_TeamHW;
			productName = FinanceApp_TeamHW;
			productReference = C5CF33202A6C8D33007E613F /* FinanceApp_TeamHW.app */;
			productType = "com.apple.product-type.application";
		};
/* End PBXNativeTarget section */

/* Begin PBXProject section */
		C5CF33182A6C8D33007E613F /* Project object */ = {
			isa = PBXProject;
			attributes = {
				BuildIndependentTargetsInParallel = 1;
				LastSwiftUpdateCheck = 1420;
				LastUpgradeCheck = 1420;
				TargetAttributes = {
					C5CF331F2A6C8D33007E613F = {
						CreatedOnToolsVersion = 14.2;
					};
				};
			};
			buildConfigurationList = C5CF331B2A6C8D33007E613F /* Build configuration list for PBXProject "FinanceApp_TeamHW" */;
			compatibilityVersion = "Xcode 14.0";
			developmentRegion = en;
			hasScannedForEncodings = 0;
			knownRegions = (
				en,
				Base,
			);
			mainGroup = C5CF33172A6C8D33007E613F;
			productRefGroup = C5CF33212A6C8D33007E613F /* Products */;
			projectDirPath = "";
			projectRoot = "";
			targets = (
				C5CF331F2A6C8D33007E613F /* FinanceApp_TeamHW */,
			);
		};
/* End PBXProject section */

/* Begin PBXResourcesBuildPhase section */
		C5CF331E2A6C8D33007E613F /* Resources */ = {
			isa = PBXResourcesBuildPhase;
			buildActionMask = 2147483647;
			files = (
				C5CF33302A6C8D35007E613F /* LaunchScreen.storyboard in Resources */,
				C5CF333D2A6C8F17007E613F /* OperationsViewController.storyboard in Resources */,
				C5CF33412A6C8F56007E613F /* AnalyticsViewController.storyboard in Resources */,
				C5CF332D2A6C8D35007E613F /* Assets.xcassets in Resources */,
				C5CF332B2A6C8D33007E613F /* FirstViewController.storyboard in Resources */,
				C5CF333F2A6C8F36007E613F /* HistoryViewController.storyboard in Resources */,
				C5CF333B2A6C8EED007E613F /* BankAccountsViewController.storyboard in Resources */,
			);
			runOnlyForDeploymentPostprocessing = 0;
		};
/* End PBXResourcesBuildPhase section */

/* Begin PBXSourcesBuildPhase section */
		C5CF331C2A6C8D33007E613F /* Sources */ = {
			isa = PBXSourcesBuildPhase;
			buildActionMask = 2147483647;
			files = (
				C5CF33462A6C90F8007E613F /* FirstViewController.swift in Sources */,
				C5CF33542A6C9294007E613F /* AccountsTransferViewController.swift in Sources */,
				C5CF334E2A6C914A007E613F /* AnalyticsViewController.swift in Sources */,
				C5CF33582A6C92D8007E613F /* AddNewBankAccountViewController.swift in Sources */,
				C5CF33242A6C8D33007E613F /* AppDelegate.swift in Sources */,
				C5CF33262A6C8D33007E613F /* SceneDelegate.swift in Sources */,
				C5CF33482A6C9117007E613F /* BankAccountsViewController.swift in Sources */,
				C5CF33562A6C92B4007E613F /* AccountsHistoryViewController.swift in Sources */,
				C5CF334A2A6C9126007E613F /* OperationsViewController.swift in Sources */,
				C5CF33512A6C922E007E613F /* AddTargetViewController.swift in Sources */,
				C5CF33442A6C8F70007E613F /* Model.swift in Sources */,
				C5CF335C2A6C9600007E613F /* DetailsViewController.swift in Sources */,
				C5CF334C2A6C9136007E613F /* HistoryViewController.swift in Sources */,
			);
			runOnlyForDeploymentPostprocessing = 0;
		};
/* End PBXSourcesBuildPhase section */

/* Begin PBXVariantGroup section */
		C5CF33292A6C8D33007E613F /* FirstViewController.storyboard */ = {
			isa = PBXVariantGroup;
			children = (
				C5CF332A2A6C8D33007E613F /* Base */,
			);
			name = FirstViewController.storyboard;
			sourceTree = "<group>";
		};
		C5CF332E2A6C8D35007E613F /* LaunchScreen.storyboard */ = {
			isa = PBXVariantGroup;
			children = (
				C5CF332F2A6C8D35007E613F /* Base */,
			);
			name = LaunchScreen.storyboard;
			sourceTree = "<group>";
		};
/* End PBXVariantGroup section */

/* Begin XCBuildConfiguration section */
		C5CF33322A6C8D35007E613F /* Debug */ = {
			isa = XCBuildConfiguration;
			buildSettings = {
				ALWAYS_SEARCH_USER_PATHS = NO;
				CLANG_ANALYZER_NONNULL = YES;
				CLANG_ANALYZER_NUMBER_OBJECT_CONVERSION = YES_AGGRESSIVE;
				CLANG_CXX_LANGUAGE_STANDARD = "gnu++20";
				CLANG_ENABLE_MODULES = YES;
				CLANG_ENABLE_OBJC_ARC = YES;
				CLANG_ENABLE_OBJC_WEAK = YES;
				CLANG_WARN_BLOCK_CAPTURE_AUTORELEASING = YES;
				CLANG_WARN_BOOL_CONVERSION = YES;
				CLANG_WARN_COMMA = YES;
				CLANG_WARN_CONSTANT_CONVERSION = YES;
				CLANG_WARN_DEPRECATED_OBJC_IMPLEMENTATIONS = YES;
				CLANG_WARN_DIRECT_OBJC_ISA_USAGE = YES_ERROR;
				CLANG_WARN_DOCUMENTATION_COMMENTS = YES;
				CLANG_WARN_EMPTY_BODY = YES;
				CLANG_WARN_ENUM_CONVERSION = YES;
				CLANG_WARN_INFINITE_RECURSION = YES;
				CLANG_WARN_INT_CONVERSION = YES;
				CLANG_WARN_NON_LITERAL_NULL_CONVERSION = YES;
				CLANG_WARN_OBJC_IMPLICIT_RETAIN_SELF = YES;
				CLANG_WARN_OBJC_LITERAL_CONVERSION = YES;
				CLANG_WARN_OBJC_ROOT_CLASS = YES_ERROR;
				CLANG_WARN_QUOTED_INCLUDE_IN_FRAMEWORK_HEADER = YES;
				CLANG_WARN_RANGE_LOOP_ANALYSIS = YES;
				CLANG_WARN_STRICT_PROTOTYPES = YES;
				CLANG_WARN_SUSPICIOUS_MOVE = YES;
				CLANG_WARN_UNGUARDED_AVAILABILITY = YES_AGGRESSIVE;
				CLANG_WARN_UNREACHABLE_CODE = YES;
				CLANG_WARN__DUPLICATE_METHOD_MATCH = YES;
				COPY_PHASE_STRIP = NO;
				DEBUG_INFORMATION_FORMAT = dwarf;
				ENABLE_STRICT_OBJC_MSGSEND = YES;
				ENABLE_TESTABILITY = YES;
				GCC_C_LANGUAGE_STANDARD = gnu11;
				GCC_DYNAMIC_NO_PIC = NO;
				GCC_NO_COMMON_BLOCKS = YES;
				GCC_OPTIMIZATION_LEVEL = 0;
				GCC_PREPROCESSOR_DEFINITIONS = (
					"DEBUG=1",
					"$(inherited)",
				);
				GCC_WARN_64_TO_32_BIT_CONVERSION = YES;
				GCC_WARN_ABOUT_RETURN_TYPE = YES_ERROR;
				GCC_WARN_UNDECLARED_SELECTOR = YES;
				GCC_WARN_UNINITIALIZED_AUTOS = YES_AGGRESSIVE;
				GCC_WARN_UNUSED_FUNCTION = YES;
				GCC_WARN_UNUSED_VARIABLE = YES;
				IPHONEOS_DEPLOYMENT_TARGET = 16.2;
				MTL_ENABLE_DEBUG_INFO = INCLUDE_SOURCE;
				MTL_FAST_MATH = YES;
				ONLY_ACTIVE_ARCH = YES;
				SDKROOT = iphoneos;
				SWIFT_ACTIVE_COMPILATION_CONDITIONS = DEBUG;
				SWIFT_OPTIMIZATION_LEVEL = "-Onone";
			};
			name = Debug;
		};
		C5CF33332A6C8D35007E613F /* Release */ = {
			isa = XCBuildConfiguration;
			buildSettings = {
				ALWAYS_SEARCH_USER_PATHS = NO;
				CLANG_ANALYZER_NONNULL = YES;
				CLANG_ANALYZER_NUMBER_OBJECT_CONVERSION = YES_AGGRESSIVE;
				CLANG_CXX_LANGUAGE_STANDARD = "gnu++20";
				CLANG_ENABLE_MODULES = YES;
				CLANG_ENABLE_OBJC_ARC = YES;
				CLANG_ENABLE_OBJC_WEAK = YES;
				CLANG_WARN_BLOCK_CAPTURE_AUTORELEASING = YES;
				CLANG_WARN_BOOL_CONVERSION = YES;
				CLANG_WARN_COMMA = YES;
				CLANG_WARN_CONSTANT_CONVERSION = YES;
				CLANG_WARN_DEPRECATED_OBJC_IMPLEMENTATIONS = YES;
				CLANG_WARN_DIRECT_OBJC_ISA_USAGE = YES_ERROR;
				CLANG_WARN_DOCUMENTATION_COMMENTS = YES;
				CLANG_WARN_EMPTY_BODY = YES;
				CLANG_WARN_ENUM_CONVERSION = YES;
				CLANG_WARN_INFINITE_RECURSION = YES;
				CLANG_WARN_INT_CONVERSION = YES;
				CLANG_WARN_NON_LITERAL_NULL_CONVERSION = YES;
				CLANG_WARN_OBJC_IMPLICIT_RETAIN_SELF = YES;
				CLANG_WARN_OBJC_LITERAL_CONVERSION = YES;
				CLANG_WARN_OBJC_ROOT_CLASS = YES_ERROR;
				CLANG_WARN_QUOTED_INCLUDE_IN_FRAMEWORK_HEADER = YES;
				CLANG_WARN_RANGE_LOOP_ANALYSIS = YES;
				CLANG_WARN_STRICT_PROTOTYPES = YES;
				CLANG_WARN_SUSPICIOUS_MOVE = YES;
				CLANG_WARN_UNGUARDED_AVAILABILITY = YES_AGGRESSIVE;
				CLANG_WARN_UNREACHABLE_CODE = YES;
				CLANG_WARN__DUPLICATE_METHOD_MATCH = YES;
				COPY_PHASE_STRIP = NO;
				DEBUG_INFORMATION_FORMAT = "dwarf-with-dsym";
				ENABLE_NS_ASSERTIONS = NO;
				ENABLE_STRICT_OBJC_MSGSEND = YES;
				GCC_C_LANGUAGE_STANDARD = gnu11;
				GCC_NO_COMMON_BLOCKS = YES;
				GCC_WARN_64_TO_32_BIT_CONVERSION = YES;
				GCC_WARN_ABOUT_RETURN_TYPE = YES_ERROR;
				GCC_WARN_UNDECLARED_SELECTOR = YES;
				GCC_WARN_UNINITIALIZED_AUTOS = YES_AGGRESSIVE;
				GCC_WARN_UNUSED_FUNCTION = YES;
				GCC_WARN_UNUSED_VARIABLE = YES;
				IPHONEOS_DEPLOYMENT_TARGET = 16.2;
				MTL_ENABLE_DEBUG_INFO = NO;
				MTL_FAST_MATH = YES;
				SDKROOT = iphoneos;
				SWIFT_COMPILATION_MODE = wholemodule;
				SWIFT_OPTIMIZATION_LEVEL = "-O";
				VALIDATE_PRODUCT = YES;
			};
			name = Release;
		};
		C5CF33352A6C8D35007E613F /* Debug */ = {
			isa = XCBuildConfiguration;
			buildSettings = {
				ASSETCATALOG_COMPILER_APPICON_NAME = AppIcon;
				ASSETCATALOG_COMPILER_GLOBAL_ACCENT_COLOR_NAME = AccentColor;
				CODE_SIGN_STYLE = Automatic;
				CURRENT_PROJECT_VERSION = 1;
				GENERATE_INFOPLIST_FILE = YES;
				INFOPLIST_FILE = FinanceApp_TeamHW/App/Info.plist;
				INFOPLIST_KEY_UIApplicationSupportsIndirectInputEvents = YES;
				INFOPLIST_KEY_UILaunchStoryboardName = LaunchScreen;
				INFOPLIST_KEY_UIMainStoryboardFile = Main;
				INFOPLIST_KEY_UISupportedInterfaceOrientations_iPad = "UIInterfaceOrientationPortrait UIInterfaceOrientationPortraitUpsideDown UIInterfaceOrientationLandscapeLeft UIInterfaceOrientationLandscapeRight";
				INFOPLIST_KEY_UISupportedInterfaceOrientations_iPhone = "UIInterfaceOrientationPortrait UIInterfaceOrientationLandscapeLeft UIInterfaceOrientationLandscapeRight";
				LD_RUNPATH_SEARCH_PATHS = (
					"$(inherited)",
					"@executable_path/Frameworks",
				);
				MARKETING_VERSION = 1.0;
				PRODUCT_BUNDLE_IDENTIFIER = "com.fattony.FinanceApp-TeamHW";
				PRODUCT_NAME = "$(TARGET_NAME)";
				SUPPORTED_PLATFORMS = "iphoneos iphonesimulator";
				SUPPORTS_MACCATALYST = NO;
				SUPPORTS_MAC_DESIGNED_FOR_IPHONE_IPAD = NO;
				SWIFT_EMIT_LOC_STRINGS = YES;
				SWIFT_VERSION = 5.0;
				TARGETED_DEVICE_FAMILY = 1;
			};
			name = Debug;
		};
		C5CF33362A6C8D35007E613F /* Release */ = {
			isa = XCBuildConfiguration;
			buildSettings = {
				ASSETCATALOG_COMPILER_APPICON_NAME = AppIcon;
				ASSETCATALOG_COMPILER_GLOBAL_ACCENT_COLOR_NAME = AccentColor;
				CODE_SIGN_STYLE = Automatic;
				CURRENT_PROJECT_VERSION = 1;
				GENERATE_INFOPLIST_FILE = YES;
				INFOPLIST_FILE = FinanceApp_TeamHW/App/Info.plist;
				INFOPLIST_KEY_UIApplicationSupportsIndirectInputEvents = YES;
				INFOPLIST_KEY_UILaunchStoryboardName = LaunchScreen;
				INFOPLIST_KEY_UIMainStoryboardFile = Main;
				INFOPLIST_KEY_UISupportedInterfaceOrientations_iPad = "UIInterfaceOrientationPortrait UIInterfaceOrientationPortraitUpsideDown UIInterfaceOrientationLandscapeLeft UIInterfaceOrientationLandscapeRight";
				INFOPLIST_KEY_UISupportedInterfaceOrientations_iPhone = "UIInterfaceOrientationPortrait UIInterfaceOrientationLandscapeLeft UIInterfaceOrientationLandscapeRight";
				LD_RUNPATH_SEARCH_PATHS = (
					"$(inherited)",
					"@executable_path/Frameworks",
				);
				MARKETING_VERSION = 1.0;
				PRODUCT_BUNDLE_IDENTIFIER = "com.fattony.FinanceApp-TeamHW";
				PRODUCT_NAME = "$(TARGET_NAME)";
				SUPPORTED_PLATFORMS = "iphoneos iphonesimulator";
				SUPPORTS_MACCATALYST = NO;
				SUPPORTS_MAC_DESIGNED_FOR_IPHONE_IPAD = NO;
				SWIFT_EMIT_LOC_STRINGS = YES;
				SWIFT_VERSION = 5.0;
				TARGETED_DEVICE_FAMILY = 1;
			};
			name = Release;
		};
/* End XCBuildConfiguration section */

/* Begin XCConfigurationList section */
		C5CF331B2A6C8D33007E613F /* Build configuration list for PBXProject "FinanceApp_TeamHW" */ = {
			isa = XCConfigurationList;
			buildConfigurations = (
				C5CF33322A6C8D35007E613F /* Debug */,
				C5CF33332A6C8D35007E613F /* Release */,
			);
			defaultConfigurationIsVisible = 0;
			defaultConfigurationName = Release;
		};
		C5CF33342A6C8D35007E613F /* Build configuration list for PBXNativeTarget "FinanceApp_TeamHW" */ = {
			isa = XCConfigurationList;
			buildConfigurations = (
				C5CF33352A6C8D35007E613F /* Debug */,
				C5CF33362A6C8D35007E613F /* Release */,
			);
			defaultConfigurationIsVisible = 0;
			defaultConfigurationName = Release;
		};
/* End XCConfigurationList section */
	};
	rootObject = C5CF33182A6C8D33007E613F /* Project object */;
}
